
Microsoft Visual Studio Solution File, Format Version 12.00
Project("{2150E333-8FDC-42A3-9474-1A3956D46DE8}") = "src", "src", "{54B2E312-A7D0-486B-A04E-972663F0B9C0}"
EndProject
Project("{2150E333-8FDC-42A3-9474-1A3956D46DE8}") = "tests", "tests", "{2B1E1088-4F31-4499-A994-D5F1304D27C1}"
EndProject
Project("{FAE04EC0-301F-11D3-BF4B-00C04F79EFBC}") = "FC4.HotelReservation.Reservations.Domain", "src\FC4.HotelReservation.Reservations.Domain\FC4.HotelReservation.Reservations.Domain.csproj", "{398503A8-07B0-42E3-A531-DDB0B7660BB8}"
EndProject
Project("{FAE04EC0-301F-11D3-BF4B-00C04F79EFBC}") = "FC4.HotelReservation.Application", "src\FC4.HotelReservation.Application\FC4.HotelReservation.Application.csproj", "{A24C3CDB-BFA9-4B8D-A2CA-D8902A133332}"
EndProject
Project("{FAE04EC0-301F-11D3-BF4B-00C04F79EFBC}") = "FC4.HotelReservation.Infrastructure", "src\FC4.HotelReservation.Infrastructure\FC4.HotelReservation.Infrastructure.csproj", "{4AD42713-710C-4970-A359-CC9E18FC6198}"
EndProject
Project("{FAE04EC0-301F-11D3-BF4B-00C04F79EFBC}") = "FC4.HotelReservation.WebApi", "src\FC4.HotelReservation.WebApi\FC4.HotelReservation.WebApi.csproj", "{4AD62AFF-985D-480F-93BA-22E3871AEB33}"
EndProject
Project("{FAE04EC0-301F-11D3-BF4B-00C04F79EFBC}") = "FC4.HotelReservation.IntegrationTests", "tests\FC4.HotelReservation.IntegrationTests\FC4.HotelReservation.IntegrationTests.csproj", "{C6D49D4C-D4E2-43E3-A483-EAFE13E11D8F}"
EndProject
Project("{2150E333-8FDC-42A3-9474-1A3956D46DE8}") = "sandbox", "sandbox", "{D9C71AEE-0DE6-42D2-B959-D01167C3D806}"
	ProjectSection(SolutionItems) = preProject
		docker-compose.yml = docker-compose.yml
	EndProjectSection
EndProject
Project("{2150E333-8FDC-42A3-9474-1A3956D46DE8}") = "modules", "modules", "{432C9F4D-3173-4DC1-80FF-F8B88EDCA223}"
EndProject
Project("{2150E333-8FDC-42A3-9474-1A3956D46DE8}") = "Catalog", "Catalog", "{DC72BD65-EA22-4D76-A8ED-AC1DEC17C2EC}"
EndProject
Project("{2150E333-8FDC-42A3-9474-1A3956D46DE8}") = "Guests", "Guests", "{0566772D-A2A1-40D1-869A-1ACB9F004201}"
EndProject
Project("{2150E333-8FDC-42A3-9474-1A3956D46DE8}") = "Payments", "Payments", "{4565EFD5-BC7A-421F-80F3-6B7CA9D54431}"
EndProject
Project("{2150E333-8FDC-42A3-9474-1A3956D46DE8}") = "Reservations", "Reservations", "{3D01265D-777F-43CE-910A-19B3096A9FF0}"
EndProject
Project("{FAE04EC0-301F-11D3-BF4B-00C04F79EFBC}") = "FC4.HotelReservation.Catalog.Domain", "modules\Catalog\FC4.HotelReservation.Catalog.Domain\FC4.HotelReservation.Catalog.Domain.csproj", "{8BA812D3-D2FD-46CE-A14B-57568F5C0F25}"
EndProject
Project("{2150E333-8FDC-42A3-9474-1A3956D46DE8}") = "shared", "shared", "{176722CD-D626-4C42-9273-E8A289E800A5}"
EndProject
Project("{FAE04EC0-301F-11D3-BF4B-00C04F79EFBC}") = "FC4.HotelReservation.Shared.Domain", "shared\FC4.HotelReservation.Shared.Domain\FC4.HotelReservation.Shared.Domain.csproj", "{9E0DA312-1C2E-41C3-B602-6FE36BF01CD0}"
EndProject
Project("{2150E333-8FDC-42A3-9474-1A3956D46DE8}") = "docs", "docs", "{4EEA98D0-E82F-45BB-A9F3-7F8D8BDB043E}"
	ProjectSection(SolutionItems) = preProject
		diagram_monolith.puml = diagram_monolith.puml
		diagram_modules.puml = diagram_modules.puml
	EndProjectSection
EndProject
Project("{FAE04EC0-301F-11D3-BF4B-00C04F79EFBC}") = "FC4.HotelReservation.Payments.Domain", "modules\Payments\FC4.HotelReservation.Payments.Domain\FC4.HotelReservation.Payments.Domain.csproj", "{7FD001BC-7328-49D0-8B01-C9B32F899D33}"
EndProject
Project("{FAE04EC0-301F-11D3-BF4B-00C04F79EFBC}") = "FC4.HotelReservation.Guests.Domain", "modules\Guests\FC4.HotelReservation.Guests.Domain\FC4.HotelReservation.Guests.Domain.csproj", "{D2DF4258-7154-4DA2-9DE5-9F0679556CCC}"
EndProject
Global
	GlobalSection(SolutionConfigurationPlatforms) = preSolution
		Debug|Any CPU = Debug|Any CPU
		Release|Any CPU = Release|Any CPU
	EndGlobalSection
	GlobalSection(NestedProjects) = preSolution
		{398503A8-07B0-42E3-A531-DDB0B7660BB8} = {54B2E312-A7D0-486B-A04E-972663F0B9C0}
		{A24C3CDB-BFA9-4B8D-A2CA-D8902A133332} = {54B2E312-A7D0-486B-A04E-972663F0B9C0}
		{4AD42713-710C-4970-A359-CC9E18FC6198} = {54B2E312-A7D0-486B-A04E-972663F0B9C0}
		{4AD62AFF-985D-480F-93BA-22E3871AEB33} = {54B2E312-A7D0-486B-A04E-972663F0B9C0}
		{C6D49D4C-D4E2-43E3-A483-EAFE13E11D8F} = {2B1E1088-4F31-4499-A994-D5F1304D27C1}
		{DC72BD65-EA22-4D76-A8ED-AC1DEC17C2EC} = {432C9F4D-3173-4DC1-80FF-F8B88EDCA223}
		{0566772D-A2A1-40D1-869A-1ACB9F004201} = {432C9F4D-3173-4DC1-80FF-F8B88EDCA223}
		{4565EFD5-BC7A-421F-80F3-6B7CA9D54431} = {432C9F4D-3173-4DC1-80FF-F8B88EDCA223}
		{3D01265D-777F-43CE-910A-19B3096A9FF0} = {432C9F4D-3173-4DC1-80FF-F8B88EDCA223}
		{8BA812D3-D2FD-46CE-A14B-57568F5C0F25} = {DC72BD65-EA22-4D76-A8ED-AC1DEC17C2EC}
		{9E0DA312-1C2E-41C3-B602-6FE36BF01CD0} = {176722CD-D626-4C42-9273-E8A289E800A5}
		{7FD001BC-7328-49D0-8B01-C9B32F899D33} = {4565EFD5-BC7A-421F-80F3-6B7CA9D54431}
		{D2DF4258-7154-4DA2-9DE5-9F0679556CCC} = {0566772D-A2A1-40D1-869A-1ACB9F004201}
	EndGlobalSection
	GlobalSection(ProjectConfigurationPlatforms) = postSolution
		{398503A8-07B0-42E3-A531-DDB0B7660BB8}.Debug|Any CPU.ActiveCfg = Debug|Any CPU
		{398503A8-07B0-42E3-A531-DDB0B7660BB8}.Debug|Any CPU.Build.0 = Debug|Any CPU
		{398503A8-07B0-42E3-A531-DDB0B7660BB8}.Release|Any CPU.ActiveCfg = Release|Any CPU
		{398503A8-07B0-42E3-A531-DDB0B7660BB8}.Release|Any CPU.Build.0 = Release|Any CPU
		{A24C3CDB-BFA9-4B8D-A2CA-D8902A133332}.Debug|Any CPU.ActiveCfg = Debug|Any CPU
		{A24C3CDB-BFA9-4B8D-A2CA-D8902A133332}.Debug|Any CPU.Build.0 = Debug|Any CPU
		{A24C3CDB-BFA9-4B8D-A2CA-D8902A133332}.Release|Any CPU.ActiveCfg = Release|Any CPU
		{A24C3CDB-BFA9-4B8D-A2CA-D8902A133332}.Release|Any CPU.Build.0 = Release|Any CPU
		{4AD42713-710C-4970-A359-CC9E18FC6198}.Debug|Any CPU.ActiveCfg = Debug|Any CPU
		{4AD42713-710C-4970-A359-CC9E18FC6198}.Debug|Any CPU.Build.0 = Debug|Any CPU
		{4AD42713-710C-4970-A359-CC9E18FC6198}.Release|Any CPU.ActiveCfg = Release|Any CPU
		{4AD42713-710C-4970-A359-CC9E18FC6198}.Release|Any CPU.Build.0 = Release|Any CPU
		{4AD62AFF-985D-480F-93BA-22E3871AEB33}.Debug|Any CPU.ActiveCfg = Debug|Any CPU
		{4AD62AFF-985D-480F-93BA-22E3871AEB33}.Debug|Any CPU.Build.0 = Debug|Any CPU
		{4AD62AFF-985D-480F-93BA-22E3871AEB33}.Release|Any CPU.ActiveCfg = Release|Any CPU
		{4AD62AFF-985D-480F-93BA-22E3871AEB33}.Release|Any CPU.Build.0 = Release|Any CPU
		{C6D49D4C-D4E2-43E3-A483-EAFE13E11D8F}.Debug|Any CPU.ActiveCfg = Debug|Any CPU
		{C6D49D4C-D4E2-43E3-A483-EAFE13E11D8F}.Debug|Any CPU.Build.0 = Debug|Any CPU
		{C6D49D4C-D4E2-43E3-A483-EAFE13E11D8F}.Release|Any CPU.ActiveCfg = Release|Any CPU
		{C6D49D4C-D4E2-43E3-A483-EAFE13E11D8F}.Release|Any CPU.Build.0 = Release|Any CPU
		{8BA812D3-D2FD-46CE-A14B-57568F5C0F25}.Debug|Any CPU.ActiveCfg = Debug|Any CPU
		{8BA812D3-D2FD-46CE-A14B-57568F5C0F25}.Debug|Any CPU.Build.0 = Debug|Any CPU
		{8BA812D3-D2FD-46CE-A14B-57568F5C0F25}.Release|Any CPU.ActiveCfg = Release|Any CPU
		{8BA812D3-D2FD-46CE-A14B-57568F5C0F25}.Release|Any CPU.Build.0 = Release|Any CPU
		{9E0DA312-1C2E-41C3-B602-6FE36BF01CD0}.Debug|Any CPU.ActiveCfg = Debug|Any CPU
		{9E0DA312-1C2E-41C3-B602-6FE36BF01CD0}.Debug|Any CPU.Build.0 = Debug|Any CPU
		{9E0DA312-1C2E-41C3-B602-6FE36BF01CD0}.Release|Any CPU.ActiveCfg = Release|Any CPU
		{9E0DA312-1C2E-41C3-B602-6FE36BF01CD0}.Release|Any CPU.Build.0 = Release|Any CPU
		{7FD001BC-7328-49D0-8B01-C9B32F899D33}.Debug|Any CPU.ActiveCfg = Debug|Any CPU
		{7FD001BC-7328-49D0-8B01-C9B32F899D33}.Debug|Any CPU.Build.0 = Debug|Any CPU
		{7FD001BC-7328-49D0-8B01-C9B32F899D33}.Release|Any CPU.ActiveCfg = Release|Any CPU
		{7FD001BC-7328-49D0-8B01-C9B32F899D33}.Release|Any CPU.Build.0 = Release|Any CPU
		{D2DF4258-7154-4DA2-9DE5-9F0679556CCC}.Debug|Any CPU.ActiveCfg = Debug|Any CPU
		{D2DF4258-7154-4DA2-9DE5-9F0679556CCC}.Debug|Any CPU.Build.0 = Debug|Any CPU
		{D2DF4258-7154-4DA2-9DE5-9F0679556CCC}.Release|Any CPU.ActiveCfg = Release|Any CPU
		{D2DF4258-7154-4DA2-9DE5-9F0679556CCC}.Release|Any CPU.Build.0 = Release|Any CPU
	EndGlobalSection
EndGlobal
