
Microsoft Visual Studio Solution File, Format Version 12.00
Project("{2150E333-8FDC-42A3-9474-1A3956D46DE8}") = "src", "src", "{54B2E312-A7D0-486B-A04E-972663F0B9C0}"
EndProject
Project("{2150E333-8FDC-42A3-9474-1A3956D46DE8}") = "tests", "tests", "{2B1E1088-4F31-4499-A994-D5F1304D27C1}"
EndProject
Project("{FAE04EC0-301F-11D3-BF4B-00C04F79EFBC}") = "FC4.HotelReservation.Application", "src\FC4.HotelReservation.Application\FC4.HotelReservation.Application.csproj", "{A24C3CDB-BFA9-4B8D-A2CA-D8902A133332}"
EndProject
Project("{FAE04EC0-301F-11D3-BF4B-00C04F79EFBC}") = "FC4.HotelReservation.Infrastructure", "src\FC4.HotelReservation.Infrastructure\FC4.HotelReservation.Infrastructure.csproj", "{4AD42713-710C-4970-A359-CC9E18FC6198}"
EndProject
Project("{FAE04EC0-301F-11D3-BF4B-00C04F79EFBC}") = "FC4.HotelReservation.WebApi", "src\FC4.HotelReservation.WebApi\FC4.HotelReservation.WebApi.csproj", "{4AD62AFF-985D-480F-93BA-22E3871AEB33}"
EndProject
Project("{FAE04EC0-301F-11D3-BF4B-00C04F79EFBC}") = "FC4.HotelReservation.IntegrationTests", "tests\FC4.HotelReservation.IntegrationTests\FC4.HotelReservation.IntegrationTests.csproj", "{C6D49D4C-D4E2-43E3-A483-EAFE13E11D8F}"
EndProject
Project("{2150E333-8FDC-42A3-9474-1A3956D46DE8}") = "modules", "modules", "{9DF4EA85-30B7-4D07-964E-A2FAEC583E54}"
EndProject
Project("{2150E333-8FDC-42A3-9474-1A3956D46DE8}") = "shared", "shared", "{39654EE5-5B95-4ED1-A934-1080181A9C63}"
EndProject
Project("{FAE04EC0-301F-11D3-BF4B-00C04F79EFBC}") = "FC4.HotelReservation.Shared.Domain", "shared\FC4.HotelReservation.Shared.Domain\FC4.HotelReservation.Shared.Domain.csproj", "{B2CE1A1C-7D47-4A94-B2B8-B0537C75C485}"
EndProject
Project("{2150E333-8FDC-42A3-9474-1A3956D46DE8}") = "Payments", "Payments", "{E9DC3DF1-4343-4049-96CA-1A5C12D1A350}"
EndProject
Project("{2150E333-8FDC-42A3-9474-1A3956D46DE8}") = "Reservations", "Reservations", "{5BECF7E2-C2C7-4F4A-B446-70BCAC0E974F}"
EndProject
Project("{FAE04EC0-301F-11D3-BF4B-00C04F79EFBC}") = "FC4.HotelReservation.Payments.Domain", "modules\Payments\FC4.HotelReservation.Payments.Domain\FC4.HotelReservation.Payments.Domain.csproj", "{50470C46-A2D6-4415-B2CE-4315C1A1D34F}"
EndProject
Project("{FAE04EC0-301F-11D3-BF4B-00C04F79EFBC}") = "FC4.HotelReservation.Reservations.Domain", "modules\Reservations\FC4.HotelReservation.Reservations.Domain\FC4.HotelReservation.Reservations.Domain.csproj", "{D3AE2AEC-7D8F-4C16-91F4-9940EB906BF2}"
EndProject
Project("{2150E333-8FDC-42A3-9474-1A3956D46DE8}") = "docs", "docs", "{836DD3C2-F1DF-4C87-8045-4CE4C6179BFE}"
	ProjectSection(SolutionItems) = preProject
		..\README.md = ..\README.md
		diagram.puml = diagram.puml
	EndProjectSection
EndProject
Project("{2150E333-8FDC-42A3-9474-1A3956D46DE8}") = "Catalog", "Catalog", "{5B6468FF-17AC-439F-83B7-99134977B44A}"
EndProject
Project("{FAE04EC0-301F-11D3-BF4B-00C04F79EFBC}") = "FC4.HotelReservation.Catalog.Domain", "modules\Catalog\FC4.HotelReservation.Catalog.Domain\FC4.HotelReservation.Catalog.Domain.csproj", "{FB218591-D196-40FE-82E1-812391B152E4}"
EndProject
Project("{FAE04EC0-301F-11D3-BF4B-00C04F79EFBC}") = "FC4.HotelReservation.Catalog.Application", "modules\Catalog\FC4.HotelReservation.Catalog.Application\FC4.HotelReservation.Catalog.Application.csproj", "{093F5328-AC8B-4DDF-A265-5259D40E9E96}"
EndProject
Project("{FAE04EC0-301F-11D3-BF4B-00C04F79EFBC}") = "FC4.HotelReservation.Shared.Application", "shared\FC4.HotelReservation.Shared.Application\FC4.HotelReservation.Shared.Application.csproj", "{47EF9698-6B9D-4CEC-B87B-1CDFB21EBAD3}"
EndProject
Global
	GlobalSection(SolutionConfigurationPlatforms) = preSolution
		Debug|Any CPU = Debug|Any CPU
		Release|Any CPU = Release|Any CPU
	EndGlobalSection
	GlobalSection(NestedProjects) = preSolution
		{A24C3CDB-BFA9-4B8D-A2CA-D8902A133332} = {54B2E312-A7D0-486B-A04E-972663F0B9C0}
		{4AD42713-710C-4970-A359-CC9E18FC6198} = {54B2E312-A7D0-486B-A04E-972663F0B9C0}
		{4AD62AFF-985D-480F-93BA-22E3871AEB33} = {54B2E312-A7D0-486B-A04E-972663F0B9C0}
		{C6D49D4C-D4E2-43E3-A483-EAFE13E11D8F} = {2B1E1088-4F31-4499-A994-D5F1304D27C1}
		{B2CE1A1C-7D47-4A94-B2B8-B0537C75C485} = {39654EE5-5B95-4ED1-A934-1080181A9C63}
		{E9DC3DF1-4343-4049-96CA-1A5C12D1A350} = {9DF4EA85-30B7-4D07-964E-A2FAEC583E54}
		{5BECF7E2-C2C7-4F4A-B446-70BCAC0E974F} = {9DF4EA85-30B7-4D07-964E-A2FAEC583E54}
		{50470C46-A2D6-4415-B2CE-4315C1A1D34F} = {E9DC3DF1-4343-4049-96CA-1A5C12D1A350}
		{D3AE2AEC-7D8F-4C16-91F4-9940EB906BF2} = {5BECF7E2-C2C7-4F4A-B446-70BCAC0E974F}
		{5B6468FF-17AC-439F-83B7-99134977B44A} = {9DF4EA85-30B7-4D07-964E-A2FAEC583E54}
		{FB218591-D196-40FE-82E1-812391B152E4} = {5B6468FF-17AC-439F-83B7-99134977B44A}
		{093F5328-AC8B-4DDF-A265-5259D40E9E96} = {5B6468FF-17AC-439F-83B7-99134977B44A}
		{47EF9698-6B9D-4CEC-B87B-1CDFB21EBAD3} = {39654EE5-5B95-4ED1-A934-1080181A9C63}
	EndGlobalSection
	GlobalSection(ProjectConfigurationPlatforms) = postSolution
		{A24C3CDB-BFA9-4B8D-A2CA-D8902A133332}.Debug|Any CPU.ActiveCfg = Debug|Any CPU
		{A24C3CDB-BFA9-4B8D-A2CA-D8902A133332}.Debug|Any CPU.Build.0 = Debug|Any CPU
		{A24C3CDB-BFA9-4B8D-A2CA-D8902A133332}.Release|Any CPU.ActiveCfg = Release|Any CPU
		{A24C3CDB-BFA9-4B8D-A2CA-D8902A133332}.Release|Any CPU.Build.0 = Release|Any CPU
		{4AD42713-710C-4970-A359-CC9E18FC6198}.Debug|Any CPU.ActiveCfg = Debug|Any CPU
		{4AD42713-710C-4970-A359-CC9E18FC6198}.Debug|Any CPU.Build.0 = Debug|Any CPU
		{4AD42713-710C-4970-A359-CC9E18FC6198}.Release|Any CPU.ActiveCfg = Release|Any CPU
		{4AD42713-710C-4970-A359-CC9E18FC6198}.Release|Any CPU.Build.0 = Release|Any CPU
		{4AD62AFF-985D-480F-93BA-22E3871AEB33}.Debug|Any CPU.ActiveCfg = Debug|Any CPU
		{4AD62AFF-985D-480F-93BA-22E3871AEB33}.Debug|Any CPU.Build.0 = Debug|Any CPU
		{4AD62AFF-985D-480F-93BA-22E3871AEB33}.Release|Any CPU.ActiveCfg = Release|Any CPU
		{4AD62AFF-985D-480F-93BA-22E3871AEB33}.Release|Any CPU.Build.0 = Release|Any CPU
		{C6D49D4C-D4E2-43E3-A483-EAFE13E11D8F}.Debug|Any CPU.ActiveCfg = Debug|Any CPU
		{C6D49D4C-D4E2-43E3-A483-EAFE13E11D8F}.Debug|Any CPU.Build.0 = Debug|Any CPU
		{C6D49D4C-D4E2-43E3-A483-EAFE13E11D8F}.Release|Any CPU.ActiveCfg = Release|Any CPU
		{C6D49D4C-D4E2-43E3-A483-EAFE13E11D8F}.Release|Any CPU.Build.0 = Release|Any CPU
		{B2CE1A1C-7D47-4A94-B2B8-B0537C75C485}.Debug|Any CPU.ActiveCfg = Debug|Any CPU
		{B2CE1A1C-7D47-4A94-B2B8-B0537C75C485}.Debug|Any CPU.Build.0 = Debug|Any CPU
		{B2CE1A1C-7D47-4A94-B2B8-B0537C75C485}.Release|Any CPU.ActiveCfg = Release|Any CPU
		{B2CE1A1C-7D47-4A94-B2B8-B0537C75C485}.Release|Any CPU.Build.0 = Release|Any CPU
		{50470C46-A2D6-4415-B2CE-4315C1A1D34F}.Debug|Any CPU.ActiveCfg = Debug|Any CPU
		{50470C46-A2D6-4415-B2CE-4315C1A1D34F}.Debug|Any CPU.Build.0 = Debug|Any CPU
		{50470C46-A2D6-4415-B2CE-4315C1A1D34F}.Release|Any CPU.ActiveCfg = Release|Any CPU
		{50470C46-A2D6-4415-B2CE-4315C1A1D34F}.Release|Any CPU.Build.0 = Release|Any CPU
		{D3AE2AEC-7D8F-4C16-91F4-9940EB906BF2}.Debug|Any CPU.ActiveCfg = Debug|Any CPU
		{D3AE2AEC-7D8F-4C16-91F4-9940EB906BF2}.Debug|Any CPU.Build.0 = Debug|Any CPU
		{D3AE2AEC-7D8F-4C16-91F4-9940EB906BF2}.Release|Any CPU.ActiveCfg = Release|Any CPU
		{D3AE2AEC-7D8F-4C16-91F4-9940EB906BF2}.Release|Any CPU.Build.0 = Release|Any CPU
		{FB218591-D196-40FE-82E1-812391B152E4}.Debug|Any CPU.ActiveCfg = Debug|Any CPU
		{FB218591-D196-40FE-82E1-812391B152E4}.Debug|Any CPU.Build.0 = Debug|Any CPU
		{FB218591-D196-40FE-82E1-812391B152E4}.Release|Any CPU.ActiveCfg = Release|Any CPU
		{FB218591-D196-40FE-82E1-812391B152E4}.Release|Any CPU.Build.0 = Release|Any CPU
		{093F5328-AC8B-4DDF-A265-5259D40E9E96}.Debug|Any CPU.ActiveCfg = Debug|Any CPU
		{093F5328-AC8B-4DDF-A265-5259D40E9E96}.Debug|Any CPU.Build.0 = Debug|Any CPU
		{093F5328-AC8B-4DDF-A265-5259D40E9E96}.Release|Any CPU.ActiveCfg = Release|Any CPU
		{093F5328-AC8B-4DDF-A265-5259D40E9E96}.Release|Any CPU.Build.0 = Release|Any CPU
		{47EF9698-6B9D-4CEC-B87B-1CDFB21EBAD3}.Debug|Any CPU.ActiveCfg = Debug|Any CPU
		{47EF9698-6B9D-4CEC-B87B-1CDFB21EBAD3}.Debug|Any CPU.Build.0 = Debug|Any CPU
		{47EF9698-6B9D-4CEC-B87B-1CDFB21EBAD3}.Release|Any CPU.ActiveCfg = Release|Any CPU
		{47EF9698-6B9D-4CEC-B87B-1CDFB21EBAD3}.Release|Any CPU.Build.0 = Release|Any CPU
	EndGlobalSection
EndGlobal
