
Microsoft Visual Studio Solution File, Format Version 12.00
Project("{2150E333-8FDC-42A3-9474-1A3956D46DE8}") = "src", "src", "{54B2E312-A7D0-486B-A04E-972663F0B9C0}"
EndProject
Project("{2150E333-8FDC-42A3-9474-1A3956D46DE8}") = "tests", "tests", "{2B1E1088-4F31-4499-A994-D5F1304D27C1}"
EndProject
Project("{FAE04EC0-301F-11D3-BF4B-00C04F79EFBC}") = "FC4.HotelReservation.WebApi", "src\FC4.HotelReservation.WebApi\FC4.HotelReservation.WebApi.csproj", "{4AD62AFF-985D-480F-93BA-22E3871AEB33}"
EndProject
Project("{FAE04EC0-301F-11D3-BF4B-00C04F79EFBC}") = "FC4.HotelReservation.IntegrationTests", "tests\FC4.HotelReservation.IntegrationTests\FC4.HotelReservation.IntegrationTests.csproj", "{C6D49D4C-D4E2-43E3-A483-EAFE13E11D8F}"
EndProject
Project("{2150E333-8FDC-42A3-9474-1A3956D46DE8}") = "sandbox", "sandbox", "{D9C71AEE-0DE6-42D2-B959-D01167C3D806}"
	ProjectSection(SolutionItems) = preProject
		docker-compose.yml = docker-compose.yml
	EndProjectSection
EndProject
Project("{2150E333-8FDC-42A3-9474-1A3956D46DE8}") = "modules", "modules", "{432C9F4D-3173-4DC1-80FF-F8B88EDCA223}"
EndProject
Project("{2150E333-8FDC-42A3-9474-1A3956D46DE8}") = "Catalog", "Catalog", "{DC72BD65-EA22-4D76-A8ED-AC1DEC17C2EC}"
EndProject
Project("{2150E333-8FDC-42A3-9474-1A3956D46DE8}") = "Guests", "Guests", "{0566772D-A2A1-40D1-869A-1ACB9F004201}"
EndProject
Project("{2150E333-8FDC-42A3-9474-1A3956D46DE8}") = "Payments", "Payments", "{4565EFD5-BC7A-421F-80F3-6B7CA9D54431}"
EndProject
Project("{2150E333-8FDC-42A3-9474-1A3956D46DE8}") = "Reservations", "Reservations", "{3D01265D-777F-43CE-910A-19B3096A9FF0}"
EndProject
Project("{FAE04EC0-301F-11D3-BF4B-00C04F79EFBC}") = "FC4.HotelReservation.Catalog.Domain", "modules\Catalog\FC4.HotelReservation.Catalog.Domain\FC4.HotelReservation.Catalog.Domain.csproj", "{8BA812D3-D2FD-46CE-A14B-57568F5C0F25}"
EndProject
Project("{2150E333-8FDC-42A3-9474-1A3956D46DE8}") = "shared", "shared", "{176722CD-D626-4C42-9273-E8A289E800A5}"
EndProject
Project("{FAE04EC0-301F-11D3-BF4B-00C04F79EFBC}") = "FC4.HotelReservation.Shared.Domain", "shared\FC4.HotelReservation.Shared.Domain\FC4.HotelReservation.Shared.Domain.csproj", "{9E0DA312-1C2E-41C3-B602-6FE36BF01CD0}"
EndProject
Project("{2150E333-8FDC-42A3-9474-1A3956D46DE8}") = "docs", "docs", "{4EEA98D0-E82F-45BB-A9F3-7F8D8BDB043E}"
	ProjectSection(SolutionItems) = preProject
		diagram_monolith.puml = diagram_monolith.puml
		diagram_modules.puml = diagram_modules.puml
	EndProjectSection
EndProject
Project("{FAE04EC0-301F-11D3-BF4B-00C04F79EFBC}") = "FC4.HotelReservation.Payments.Domain", "modules\Payments\FC4.HotelReservation.Payments.Domain\FC4.HotelReservation.Payments.Domain.csproj", "{7FD001BC-7328-49D0-8B01-C9B32F899D33}"
EndProject
Project("{FAE04EC0-301F-11D3-BF4B-00C04F79EFBC}") = "FC4.HotelReservation.Guests.Domain", "modules\Guests\FC4.HotelReservation.Guests.Domain\FC4.HotelReservation.Guests.Domain.csproj", "{D2DF4258-7154-4DA2-9DE5-9F0679556CCC}"
EndProject
Project("{FAE04EC0-301F-11D3-BF4B-00C04F79EFBC}") = "FC4.HotelReservation.Reservations.Domain", "modules\Reservations\FC4.HotelReservation.Reservations.Domain\FC4.HotelReservation.Reservations.Domain.csproj", "{C6F11442-B48D-4799-B5B9-9236D85241B1}"
EndProject
Project("{FAE04EC0-301F-11D3-BF4B-00C04F79EFBC}") = "FC4.HotelReservation.Shared.Application", "shared\FC4.HotelReservation.Shared.Application\FC4.HotelReservation.Shared.Application.csproj", "{B1E7A9B2-3531-4CDD-91EE-C2C9BD129079}"
EndProject
Project("{FAE04EC0-301F-11D3-BF4B-00C04F79EFBC}") = "FC4.HotelReservation.Catalog.Application", "modules\Catalog\FC4.HotelReservation.Catalog.Application\FC4.HotelReservation.Catalog.Application.csproj", "{6D512625-37DC-4AD9-B3F0-9E36F1256795}"
EndProject
Project("{FAE04EC0-301F-11D3-BF4B-00C04F79EFBC}") = "FC4.HotelReservation.Guests.Application", "modules\Guests\FC4.HotelReservation.Guests.Application\FC4.HotelReservation.Guests.Application.csproj", "{8C6B42E4-E32D-4660-92E6-CEE414D8F41F}"
EndProject
Project("{FAE04EC0-301F-11D3-BF4B-00C04F79EFBC}") = "FC4.HotelReservation.Reservations.Application", "modules\Reservations\FC4.HotelReservation.Reservations.Application\FC4.HotelReservation.Reservations.Application.csproj", "{43C7EE39-A181-4986-8265-5EE1B10C25E6}"
EndProject
Project("{FAE04EC0-301F-11D3-BF4B-00C04F79EFBC}") = "FC4.HotelReservation.Reservations.Adapters", "modules\Reservations\FC4.HotelReservation.Reservations.Adapters\FC4.HotelReservation.Reservations.Adapters.csproj", "{F628FBC5-06FE-42FE-9B31-7F33A4FFF015}"
EndProject
Project("{FAE04EC0-301F-11D3-BF4B-00C04F79EFBC}") = "FC4.HotelReservation.Reservations.Events", "modules\Reservations\FC4.HotelReservation.Reservations.Events\FC4.HotelReservation.Reservations.Events.csproj", "{4F95C029-4EE1-4893-A49E-6D7E06AB02E6}"
EndProject
Project("{FAE04EC0-301F-11D3-BF4B-00C04F79EFBC}") = "FC4.HotelReservation.Payments.Consumers", "modules\Payments\FC4.HotelReservation.Payments.Consumers\FC4.HotelReservation.Payments.Consumers.csproj", "{74CF87AF-4FAD-4A3E-B180-773945C77D10}"
EndProject
Project("{FAE04EC0-301F-11D3-BF4B-00C04F79EFBC}") = "FC4.HotelReservation.Payments.Application", "modules\Payments\FC4.HotelReservation.Payments.Application\FC4.HotelReservation.Payments.Application.csproj", "{537690E3-0EFD-483E-80E2-D01D4D8DF44D}"
EndProject
Project("{FAE04EC0-301F-11D3-BF4B-00C04F79EFBC}") = "FC4.HotelReservation.Payments.Events", "modules\Payments\FC4.HotelReservation.Payments.Events\FC4.HotelReservation.Payments.Events.csproj", "{2B6064AA-30E0-409B-B9BE-625BF349E59C}"
EndProject
Project("{FAE04EC0-301F-11D3-BF4B-00C04F79EFBC}") = "FC4.HotelReservation.Reservations.Consumers", "modules\Reservations\FC4.HotelReservation.Reservations.Consumers\FC4.HotelReservation.Reservations.Consumers.csproj", "{E31CE10A-2625-4B44-8961-6C099EEA3570}"
EndProject
Project("{FAE04EC0-301F-11D3-BF4B-00C04F79EFBC}") = "FC4.HotelReservation.Catalog.Infra.Data", "modules\Catalog\FC4.HotelReservation.Catalog.Infra.Data\FC4.HotelReservation.Catalog.Infra.Data.csproj", "{8C97916A-4B5F-4AC3-82AE-7A8BF5921A06}"
EndProject
Project("{FAE04EC0-301F-11D3-BF4B-00C04F79EFBC}") = "FC4.HotelReservation.Guests.Infra.Data", "modules\Guests\FC4.HotelReservation.Guests.Infra.Data\FC4.HotelReservation.Guests.Infra.Data.csproj", "{178BF74D-6CDE-48AA-B825-73E60E2DD04F}"
EndProject
Project("{FAE04EC0-301F-11D3-BF4B-00C04F79EFBC}") = "FC4.HotelReservation.Payments.Infra.Data", "modules\Payments\FC4.HotelReservation.Payments.Infra.Data\FC4.HotelReservation.Payments.Infra.Data.csproj", "{EAC16FFE-4FCE-4967-A464-CF2FC75D4D4A}"
EndProject
Project("{FAE04EC0-301F-11D3-BF4B-00C04F79EFBC}") = "FC4.HotelReservation.Reservations.Infra.Data", "modules\Reservations\FC4.HotelReservation.Reservations.Infra.Data\FC4.HotelReservation.Reservations.Infra.Data.csproj", "{0C5C5DE0-F74B-40B5-825F-BAA4DC50289E}"
EndProject
Project("{FAE04EC0-301F-11D3-BF4B-00C04F79EFBC}") = "FC4.HotelReservation.Shared.Infrastructure", "shared\FC4.HotelReservation.Shared.Infrastructure\FC4.HotelReservation.Shared.Infrastructure.csproj", "{201971AB-F088-4032-8761-78987C40FDE3}"
EndProject
Global
	GlobalSection(SolutionConfigurationPlatforms) = preSolution
		Debug|Any CPU = Debug|Any CPU
		Release|Any CPU = Release|Any CPU
	EndGlobalSection
	GlobalSection(NestedProjects) = preSolution
		{4AD62AFF-985D-480F-93BA-22E3871AEB33} = {54B2E312-A7D0-486B-A04E-972663F0B9C0}
		{C6D49D4C-D4E2-43E3-A483-EAFE13E11D8F} = {2B1E1088-4F31-4499-A994-D5F1304D27C1}
		{DC72BD65-EA22-4D76-A8ED-AC1DEC17C2EC} = {432C9F4D-3173-4DC1-80FF-F8B88EDCA223}
		{0566772D-A2A1-40D1-869A-1ACB9F004201} = {432C9F4D-3173-4DC1-80FF-F8B88EDCA223}
		{4565EFD5-BC7A-421F-80F3-6B7CA9D54431} = {432C9F4D-3173-4DC1-80FF-F8B88EDCA223}
		{3D01265D-777F-43CE-910A-19B3096A9FF0} = {432C9F4D-3173-4DC1-80FF-F8B88EDCA223}
		{8BA812D3-D2FD-46CE-A14B-57568F5C0F25} = {DC72BD65-EA22-4D76-A8ED-AC1DEC17C2EC}
		{9E0DA312-1C2E-41C3-B602-6FE36BF01CD0} = {176722CD-D626-4C42-9273-E8A289E800A5}
		{7FD001BC-7328-49D0-8B01-C9B32F899D33} = {4565EFD5-BC7A-421F-80F3-6B7CA9D54431}
		{D2DF4258-7154-4DA2-9DE5-9F0679556CCC} = {0566772D-A2A1-40D1-869A-1ACB9F004201}
		{C6F11442-B48D-4799-B5B9-9236D85241B1} = {3D01265D-777F-43CE-910A-19B3096A9FF0}
		{B1E7A9B2-3531-4CDD-91EE-C2C9BD129079} = {176722CD-D626-4C42-9273-E8A289E800A5}
		{6D512625-37DC-4AD9-B3F0-9E36F1256795} = {DC72BD65-EA22-4D76-A8ED-AC1DEC17C2EC}
		{8C6B42E4-E32D-4660-92E6-CEE414D8F41F} = {0566772D-A2A1-40D1-869A-1ACB9F004201}
		{43C7EE39-A181-4986-8265-5EE1B10C25E6} = {3D01265D-777F-43CE-910A-19B3096A9FF0}
		{F628FBC5-06FE-42FE-9B31-7F33A4FFF015} = {3D01265D-777F-43CE-910A-19B3096A9FF0}
		{4F95C029-4EE1-4893-A49E-6D7E06AB02E6} = {3D01265D-777F-43CE-910A-19B3096A9FF0}
		{74CF87AF-4FAD-4A3E-B180-773945C77D10} = {4565EFD5-BC7A-421F-80F3-6B7CA9D54431}
		{537690E3-0EFD-483E-80E2-D01D4D8DF44D} = {4565EFD5-BC7A-421F-80F3-6B7CA9D54431}
		{2B6064AA-30E0-409B-B9BE-625BF349E59C} = {4565EFD5-BC7A-421F-80F3-6B7CA9D54431}
		{E31CE10A-2625-4B44-8961-6C099EEA3570} = {3D01265D-777F-43CE-910A-19B3096A9FF0}
		{8C97916A-4B5F-4AC3-82AE-7A8BF5921A06} = {DC72BD65-EA22-4D76-A8ED-AC1DEC17C2EC}
		{178BF74D-6CDE-48AA-B825-73E60E2DD04F} = {0566772D-A2A1-40D1-869A-1ACB9F004201}
		{EAC16FFE-4FCE-4967-A464-CF2FC75D4D4A} = {4565EFD5-BC7A-421F-80F3-6B7CA9D54431}
		{0C5C5DE0-F74B-40B5-825F-BAA4DC50289E} = {3D01265D-777F-43CE-910A-19B3096A9FF0}
		{201971AB-F088-4032-8761-78987C40FDE3} = {176722CD-D626-4C42-9273-E8A289E800A5}
	EndGlobalSection
	GlobalSection(ProjectConfigurationPlatforms) = postSolution
		{4AD62AFF-985D-480F-93BA-22E3871AEB33}.Debug|Any CPU.ActiveCfg = Debug|Any CPU
		{4AD62AFF-985D-480F-93BA-22E3871AEB33}.Debug|Any CPU.Build.0 = Debug|Any CPU
		{4AD62AFF-985D-480F-93BA-22E3871AEB33}.Release|Any CPU.ActiveCfg = Release|Any CPU
		{4AD62AFF-985D-480F-93BA-22E3871AEB33}.Release|Any CPU.Build.0 = Release|Any CPU
		{C6D49D4C-D4E2-43E3-A483-EAFE13E11D8F}.Debug|Any CPU.ActiveCfg = Debug|Any CPU
		{C6D49D4C-D4E2-43E3-A483-EAFE13E11D8F}.Debug|Any CPU.Build.0 = Debug|Any CPU
		{C6D49D4C-D4E2-43E3-A483-EAFE13E11D8F}.Release|Any CPU.ActiveCfg = Release|Any CPU
		{C6D49D4C-D4E2-43E3-A483-EAFE13E11D8F}.Release|Any CPU.Build.0 = Release|Any CPU
		{8BA812D3-D2FD-46CE-A14B-57568F5C0F25}.Debug|Any CPU.ActiveCfg = Debug|Any CPU
		{8BA812D3-D2FD-46CE-A14B-57568F5C0F25}.Debug|Any CPU.Build.0 = Debug|Any CPU
		{8BA812D3-D2FD-46CE-A14B-57568F5C0F25}.Release|Any CPU.ActiveCfg = Release|Any CPU
		{8BA812D3-D2FD-46CE-A14B-57568F5C0F25}.Release|Any CPU.Build.0 = Release|Any CPU
		{9E0DA312-1C2E-41C3-B602-6FE36BF01CD0}.Debug|Any CPU.ActiveCfg = Debug|Any CPU
		{9E0DA312-1C2E-41C3-B602-6FE36BF01CD0}.Debug|Any CPU.Build.0 = Debug|Any CPU
		{9E0DA312-1C2E-41C3-B602-6FE36BF01CD0}.Release|Any CPU.ActiveCfg = Release|Any CPU
		{9E0DA312-1C2E-41C3-B602-6FE36BF01CD0}.Release|Any CPU.Build.0 = Release|Any CPU
		{7FD001BC-7328-49D0-8B01-C9B32F899D33}.Debug|Any CPU.ActiveCfg = Debug|Any CPU
		{7FD001BC-7328-49D0-8B01-C9B32F899D33}.Debug|Any CPU.Build.0 = Debug|Any CPU
		{7FD001BC-7328-49D0-8B01-C9B32F899D33}.Release|Any CPU.ActiveCfg = Release|Any CPU
		{7FD001BC-7328-49D0-8B01-C9B32F899D33}.Release|Any CPU.Build.0 = Release|Any CPU
		{D2DF4258-7154-4DA2-9DE5-9F0679556CCC}.Debug|Any CPU.ActiveCfg = Debug|Any CPU
		{D2DF4258-7154-4DA2-9DE5-9F0679556CCC}.Debug|Any CPU.Build.0 = Debug|Any CPU
		{D2DF4258-7154-4DA2-9DE5-9F0679556CCC}.Release|Any CPU.ActiveCfg = Release|Any CPU
		{D2DF4258-7154-4DA2-9DE5-9F0679556CCC}.Release|Any CPU.Build.0 = Release|Any CPU
		{C6F11442-B48D-4799-B5B9-9236D85241B1}.Debug|Any CPU.ActiveCfg = Debug|Any CPU
		{C6F11442-B48D-4799-B5B9-9236D85241B1}.Debug|Any CPU.Build.0 = Debug|Any CPU
		{C6F11442-B48D-4799-B5B9-9236D85241B1}.Release|Any CPU.ActiveCfg = Release|Any CPU
		{C6F11442-B48D-4799-B5B9-9236D85241B1}.Release|Any CPU.Build.0 = Release|Any CPU
		{B1E7A9B2-3531-4CDD-91EE-C2C9BD129079}.Debug|Any CPU.ActiveCfg = Debug|Any CPU
		{B1E7A9B2-3531-4CDD-91EE-C2C9BD129079}.Debug|Any CPU.Build.0 = Debug|Any CPU
		{B1E7A9B2-3531-4CDD-91EE-C2C9BD129079}.Release|Any CPU.ActiveCfg = Release|Any CPU
		{B1E7A9B2-3531-4CDD-91EE-C2C9BD129079}.Release|Any CPU.Build.0 = Release|Any CPU
		{6D512625-37DC-4AD9-B3F0-9E36F1256795}.Debug|Any CPU.ActiveCfg = Debug|Any CPU
		{6D512625-37DC-4AD9-B3F0-9E36F1256795}.Debug|Any CPU.Build.0 = Debug|Any CPU
		{6D512625-37DC-4AD9-B3F0-9E36F1256795}.Release|Any CPU.ActiveCfg = Release|Any CPU
		{6D512625-37DC-4AD9-B3F0-9E36F1256795}.Release|Any CPU.Build.0 = Release|Any CPU
		{8C6B42E4-E32D-4660-92E6-CEE414D8F41F}.Debug|Any CPU.ActiveCfg = Debug|Any CPU
		{8C6B42E4-E32D-4660-92E6-CEE414D8F41F}.Debug|Any CPU.Build.0 = Debug|Any CPU
		{8C6B42E4-E32D-4660-92E6-CEE414D8F41F}.Release|Any CPU.ActiveCfg = Release|Any CPU
		{8C6B42E4-E32D-4660-92E6-CEE414D8F41F}.Release|Any CPU.Build.0 = Release|Any CPU
		{43C7EE39-A181-4986-8265-5EE1B10C25E6}.Debug|Any CPU.ActiveCfg = Debug|Any CPU
		{43C7EE39-A181-4986-8265-5EE1B10C25E6}.Debug|Any CPU.Build.0 = Debug|Any CPU
		{43C7EE39-A181-4986-8265-5EE1B10C25E6}.Release|Any CPU.ActiveCfg = Release|Any CPU
		{43C7EE39-A181-4986-8265-5EE1B10C25E6}.Release|Any CPU.Build.0 = Release|Any CPU
		{F628FBC5-06FE-42FE-9B31-7F33A4FFF015}.Debug|Any CPU.ActiveCfg = Debug|Any CPU
		{F628FBC5-06FE-42FE-9B31-7F33A4FFF015}.Debug|Any CPU.Build.0 = Debug|Any CPU
		{F628FBC5-06FE-42FE-9B31-7F33A4FFF015}.Release|Any CPU.ActiveCfg = Release|Any CPU
		{F628FBC5-06FE-42FE-9B31-7F33A4FFF015}.Release|Any CPU.Build.0 = Release|Any CPU
		{4F95C029-4EE1-4893-A49E-6D7E06AB02E6}.Debug|Any CPU.ActiveCfg = Debug|Any CPU
		{4F95C029-4EE1-4893-A49E-6D7E06AB02E6}.Debug|Any CPU.Build.0 = Debug|Any CPU
		{4F95C029-4EE1-4893-A49E-6D7E06AB02E6}.Release|Any CPU.ActiveCfg = Release|Any CPU
		{4F95C029-4EE1-4893-A49E-6D7E06AB02E6}.Release|Any CPU.Build.0 = Release|Any CPU
		{74CF87AF-4FAD-4A3E-B180-773945C77D10}.Debug|Any CPU.ActiveCfg = Debug|Any CPU
		{74CF87AF-4FAD-4A3E-B180-773945C77D10}.Debug|Any CPU.Build.0 = Debug|Any CPU
		{74CF87AF-4FAD-4A3E-B180-773945C77D10}.Release|Any CPU.ActiveCfg = Release|Any CPU
		{74CF87AF-4FAD-4A3E-B180-773945C77D10}.Release|Any CPU.Build.0 = Release|Any CPU
		{537690E3-0EFD-483E-80E2-D01D4D8DF44D}.Debug|Any CPU.ActiveCfg = Debug|Any CPU
		{537690E3-0EFD-483E-80E2-D01D4D8DF44D}.Debug|Any CPU.Build.0 = Debug|Any CPU
		{537690E3-0EFD-483E-80E2-D01D4D8DF44D}.Release|Any CPU.ActiveCfg = Release|Any CPU
		{537690E3-0EFD-483E-80E2-D01D4D8DF44D}.Release|Any CPU.Build.0 = Release|Any CPU
		{2B6064AA-30E0-409B-B9BE-625BF349E59C}.Debug|Any CPU.ActiveCfg = Debug|Any CPU
		{2B6064AA-30E0-409B-B9BE-625BF349E59C}.Debug|Any CPU.Build.0 = Debug|Any CPU
		{2B6064AA-30E0-409B-B9BE-625BF349E59C}.Release|Any CPU.ActiveCfg = Release|Any CPU
		{2B6064AA-30E0-409B-B9BE-625BF349E59C}.Release|Any CPU.Build.0 = Release|Any CPU
		{E31CE10A-2625-4B44-8961-6C099EEA3570}.Debug|Any CPU.ActiveCfg = Debug|Any CPU
		{E31CE10A-2625-4B44-8961-6C099EEA3570}.Debug|Any CPU.Build.0 = Debug|Any CPU
		{E31CE10A-2625-4B44-8961-6C099EEA3570}.Release|Any CPU.ActiveCfg = Release|Any CPU
		{E31CE10A-2625-4B44-8961-6C099EEA3570}.Release|Any CPU.Build.0 = Release|Any CPU
		{8C97916A-4B5F-4AC3-82AE-7A8BF5921A06}.Debug|Any CPU.ActiveCfg = Debug|Any CPU
		{8C97916A-4B5F-4AC3-82AE-7A8BF5921A06}.Debug|Any CPU.Build.0 = Debug|Any CPU
		{8C97916A-4B5F-4AC3-82AE-7A8BF5921A06}.Release|Any CPU.ActiveCfg = Release|Any CPU
		{8C97916A-4B5F-4AC3-82AE-7A8BF5921A06}.Release|Any CPU.Build.0 = Release|Any CPU
		{178BF74D-6CDE-48AA-B825-73E60E2DD04F}.Debug|Any CPU.ActiveCfg = Debug|Any CPU
		{178BF74D-6CDE-48AA-B825-73E60E2DD04F}.Debug|Any CPU.Build.0 = Debug|Any CPU
		{178BF74D-6CDE-48AA-B825-73E60E2DD04F}.Release|Any CPU.ActiveCfg = Release|Any CPU
		{178BF74D-6CDE-48AA-B825-73E60E2DD04F}.Release|Any CPU.Build.0 = Release|Any CPU
		{EAC16FFE-4FCE-4967-A464-CF2FC75D4D4A}.Debug|Any CPU.ActiveCfg = Debug|Any CPU
		{EAC16FFE-4FCE-4967-A464-CF2FC75D4D4A}.Debug|Any CPU.Build.0 = Debug|Any CPU
		{EAC16FFE-4FCE-4967-A464-CF2FC75D4D4A}.Release|Any CPU.ActiveCfg = Release|Any CPU
		{EAC16FFE-4FCE-4967-A464-CF2FC75D4D4A}.Release|Any CPU.Build.0 = Release|Any CPU
		{0C5C5DE0-F74B-40B5-825F-BAA4DC50289E}.Debug|Any CPU.ActiveCfg = Debug|Any CPU
		{0C5C5DE0-F74B-40B5-825F-BAA4DC50289E}.Debug|Any CPU.Build.0 = Debug|Any CPU
		{0C5C5DE0-F74B-40B5-825F-BAA4DC50289E}.Release|Any CPU.ActiveCfg = Release|Any CPU
		{0C5C5DE0-F74B-40B5-825F-BAA4DC50289E}.Release|Any CPU.Build.0 = Release|Any CPU
		{201971AB-F088-4032-8761-78987C40FDE3}.Debug|Any CPU.ActiveCfg = Debug|Any CPU
		{201971AB-F088-4032-8761-78987C40FDE3}.Debug|Any CPU.Build.0 = Debug|Any CPU
		{201971AB-F088-4032-8761-78987C40FDE3}.Release|Any CPU.ActiveCfg = Release|Any CPU
		{201971AB-F088-4032-8761-78987C40FDE3}.Release|Any CPU.Build.0 = Release|Any CPU
	EndGlobalSection
EndGlobal
